
Microsoft Visual Studio Solution File, Format Version 12.00
# Visual Studio Version 16
VisualStudioVersion = 16.0.31702.278
MinimumVisualStudioVersion = 10.0.40219.1
Project("{FAE04EC0-301F-11D3-BF4B-00C04F79EFBC}") = "AddressBook01", "AddressBook01\AddressBook01.csproj", "{F4C71D2A-6762-466F-8D8B-2B9C8D03FE1C}"
EndProject
Global
	GlobalSection(SolutionConfigurationPlatforms) = preSolution
		Debug|Any CPU = Debug|Any CPU
		Release|Any CPU = Release|Any CPU
	EndGlobalSection
	GlobalSection(ProjectConfigurationPlatforms) = postSolution
		{F4C71D2A-6762-466F-8D8B-2B9C8D03FE1C}.Debug|Any CPU.ActiveCfg = Debug|Any CPU
		{F4C71D2A-6762-466F-8D8B-2B9C8D03FE1C}.Debug|Any CPU.Build.0 = Debug|Any CPU
		{F4C71D2A-6762-466F-8D8B-2B9C8D03FE1C}.Release|Any CPU.ActiveCfg = Release|Any CPU
		{F4C71D2A-6762-466F-8D8B-2B9C8D03FE1C}.Release|Any CPU.Build.0 = Release|Any CPU
	EndGlobalSection
	GlobalSection(SolutionProperties) = preSolution
		HideSolutionNode = FALSE
	EndGlobalSection
	GlobalSection(ExtensibilityGlobals) = postSolution
		SolutionGuid = {B4EF349E-A1CB-47A5-A6B6-70C5B6130D1E}
	EndGlobalSection
EndGlobal
